
Microsoft Visual Studio Solution File, Format Version 12.00
# Visual Studio Version 17
VisualStudioVersion = 17.0.31903.59
MinimumVisualStudioVersion = 10.0.40219.1
Project("{2150E333-8FDC-42A3-9474-1A3956D46DE8}") = "Hosting", "Hosting", "{916B61B3-312D-841D-1457-818AC0DB32BA}"
EndProject
Project("{FAE04EC0-301F-11D3-BF4B-00C04F79EFBC}") = "EventRegistration.AppHost", "src\EventRegistration.AppHost\EventRegistration.AppHost.csproj", "{D58B9B46-12EB-4BE0-B31A-B7DBAAFAC5A8}"
EndProject
Project("{FAE04EC0-301F-11D3-BF4B-00C04F79EFBC}") = "EventRegistration.ServiceDefaults", "src\EventRegistration.ServiceDefaults\EventRegistration.ServiceDefaults.csproj", "{3D6BA00F-C45F-4B53-B523-41C92530DBAF}"
EndProject
Project("{FAE04EC0-301F-11D3-BF4B-00C04F79EFBC}") = "EventRegistration.Web", "src\EventRegistration.Web\EventRegistration.Web.csproj", "{C62D22C8-F454-46C3-AF27-7AEED3495DDD}"
EndProject
Project("{2150E333-8FDC-42A3-9474-1A3956D46DE8}") = "Modules", "Modules", "{CA253913-39DE-BFD0-C9A3-4B7EC6FBDF17}"
EndProject
Project("{2150E333-8FDC-42A3-9474-1A3956D46DE8}") = "SharedKernel", "SharedKernel", "{2EDD313B-46D3-449F-CD50-2C10F9BCE82C}"
EndProject
Project("{FAE04EC0-301F-11D3-BF4B-00C04F79EFBC}") = "EventRegistration.SharedKernel.Domain", "src\Modules\SharedKernel\EventRegistration.SharedKernel.Domain\EventRegistration.SharedKernel.Domain.csproj", "{88FFDDA7-8182-45F1-8DE5-997D80127551}"
EndProject
Project("{FAE04EC0-301F-11D3-BF4B-00C04F79EFBC}") = "EventRegistration.SharedKernel.Application", "src\Modules\SharedKernel\EventRegistration.SharedKernel.Application\EventRegistration.SharedKernel.Application.csproj", "{A61395C0-2E8D-48DA-9558-1F56A09D5425}"
EndProject
Project("{FAE04EC0-301F-11D3-BF4B-00C04F79EFBC}") = "EventRegistration.SharedKernel.Infrastructure", "src\Modules\SharedKernel\EventRegistration.SharedKernel.Infrastructure\EventRegistration.SharedKernel.Infrastructure.csproj", "{41C112DB-56D7-492A-9C46-AB2611DDD0CE}"
EndProject
Project("{2150E333-8FDC-42A3-9474-1A3956D46DE8}") = "Events", "Events", "{15B3060F-02C4-FA31-9C07-9E569DAC4B87}"
EndProject
Project("{FAE04EC0-301F-11D3-BF4B-00C04F79EFBC}") = "EventRegistration.Events.Domain", "src\Modules\Events\EventRegistration.Events.Domain\EventRegistration.Events.Domain.csproj", "{E1BC4929-3DEB-4B21-B656-60815F75A79D}"
EndProject
Project("{FAE04EC0-301F-11D3-BF4B-00C04F79EFBC}") = "EventRegistration.Events.Application", "src\Modules\Events\EventRegistration.Events.Application\EventRegistration.Events.Application.csproj", "{AA8613CC-E16F-4815-9430-E0F731E86A31}"
EndProject
Project("{FAE04EC0-301F-11D3-BF4B-00C04F79EFBC}") = "EventRegistration.Events.Infrastructure", "src\Modules\Events\EventRegistration.Events.Infrastructure\EventRegistration.Events.Infrastructure.csproj", "{3B65801B-519B-49D8-9AB5-ACE91B399346}"
EndProject
Project("{2150E333-8FDC-42A3-9474-1A3956D46DE8}") = "Registrations", "Registrations", "{76BA2836-3C14-0F03-9B8B-A3E045F97CDA}"
EndProject
Project("{FAE04EC0-301F-11D3-BF4B-00C04F79EFBC}") = "EventRegistration.Registrations.Domain", "src\Modules\Registrations\EventRegistration.Registrations.Domain\EventRegistration.Registrations.Domain.csproj", "{197101CE-7899-41F6-AEB5-E9683FB4D3CC}"
EndProject
Project("{FAE04EC0-301F-11D3-BF4B-00C04F79EFBC}") = "EventRegistration.Registrations.Application", "src\Modules\Registrations\EventRegistration.Registrations.Application\EventRegistration.Registrations.Application.csproj", "{4796E410-E0BC-4790-A572-6D973BE5E1E4}"
EndProject
Project("{FAE04EC0-301F-11D3-BF4B-00C04F79EFBC}") = "EventRegistration.Registrations.Infrastructure", "src\Modules\Registrations\EventRegistration.Registrations.Infrastructure\EventRegistration.Registrations.Infrastructure.csproj", "{66B8FAAC-80B9-4416-96B3-ACE9F82332D2}"
EndProject
Project("{2150E333-8FDC-42A3-9474-1A3956D46DE8}") = "tests", "tests", "{0AB3BF05-4346-4AA6-1389-037BE0695223}"
EndProject
Project("{FAE04EC0-301F-11D3-BF4B-00C04F79EFBC}") = "EventRegistration.Web.Tests", "src\tests\EventRegistration.Web.Tests\EventRegistration.Web.Tests.csproj", "{7927AE8C-9956-4D96-95EF-0B140A3C1184}"
EndProject
Global
	GlobalSection(SolutionConfigurationPlatforms) = preSolution
		Debug|Any CPU = Debug|Any CPU
		Debug|x64 = Debug|x64
		Debug|x86 = Debug|x86
		Release|Any CPU = Release|Any CPU
		Release|x64 = Release|x64
		Release|x86 = Release|x86
	EndGlobalSection
	GlobalSection(ProjectConfigurationPlatforms) = postSolution
		{D58B9B46-12EB-4BE0-B31A-B7DBAAFAC5A8}.Debug|Any CPU.ActiveCfg = Debug|Any CPU
		{D58B9B46-12EB-4BE0-B31A-B7DBAAFAC5A8}.Debug|Any CPU.Build.0 = Debug|Any CPU
		{D58B9B46-12EB-4BE0-B31A-B7DBAAFAC5A8}.Debug|x64.ActiveCfg = Debug|Any CPU
		{D58B9B46-12EB-4BE0-B31A-B7DBAAFAC5A8}.Debug|x64.Build.0 = Debug|Any CPU
		{D58B9B46-12EB-4BE0-B31A-B7DBAAFAC5A8}.Debug|x86.ActiveCfg = Debug|Any CPU
		{D58B9B46-12EB-4BE0-B31A-B7DBAAFAC5A8}.Debug|x86.Build.0 = Debug|Any CPU
		{D58B9B46-12EB-4BE0-B31A-B7DBAAFAC5A8}.Release|Any CPU.ActiveCfg = Release|Any CPU
		{D58B9B46-12EB-4BE0-B31A-B7DBAAFAC5A8}.Release|Any CPU.Build.0 = Release|Any CPU
		{D58B9B46-12EB-4BE0-B31A-B7DBAAFAC5A8}.Release|x64.ActiveCfg = Release|Any CPU
		{D58B9B46-12EB-4BE0-B31A-B7DBAAFAC5A8}.Release|x64.Build.0 = Release|Any CPU
		{D58B9B46-12EB-4BE0-B31A-B7DBAAFAC5A8}.Release|x86.ActiveCfg = Release|Any CPU
		{D58B9B46-12EB-4BE0-B31A-B7DBAAFAC5A8}.Release|x86.Build.0 = Release|Any CPU
		{3D6BA00F-C45F-4B53-B523-41C92530DBAF}.Debug|Any CPU.ActiveCfg = Debug|Any CPU
		{3D6BA00F-C45F-4B53-B523-41C92530DBAF}.Debug|Any CPU.Build.0 = Debug|Any CPU
		{3D6BA00F-C45F-4B53-B523-41C92530DBAF}.Debug|x64.ActiveCfg = Debug|Any CPU
		{3D6BA00F-C45F-4B53-B523-41C92530DBAF}.Debug|x64.Build.0 = Debug|Any CPU
		{3D6BA00F-C45F-4B53-B523-41C92530DBAF}.Debug|x86.ActiveCfg = Debug|Any CPU
		{3D6BA00F-C45F-4B53-B523-41C92530DBAF}.Debug|x86.Build.0 = Debug|Any CPU
		{3D6BA00F-C45F-4B53-B523-41C92530DBAF}.Release|Any CPU.ActiveCfg = Release|Any CPU
		{3D6BA00F-C45F-4B53-B523-41C92530DBAF}.Release|Any CPU.Build.0 = Release|Any CPU
		{3D6BA00F-C45F-4B53-B523-41C92530DBAF}.Release|x64.ActiveCfg = Release|Any CPU
		{3D6BA00F-C45F-4B53-B523-41C92530DBAF}.Release|x64.Build.0 = Release|Any CPU
		{3D6BA00F-C45F-4B53-B523-41C92530DBAF}.Release|x86.ActiveCfg = Release|Any CPU
		{3D6BA00F-C45F-4B53-B523-41C92530DBAF}.Release|x86.Build.0 = Release|Any CPU
		{C62D22C8-F454-46C3-AF27-7AEED3495DDD}.Debug|Any CPU.ActiveCfg = Debug|Any CPU
		{C62D22C8-F454-46C3-AF27-7AEED3495DDD}.Debug|Any CPU.Build.0 = Debug|Any CPU
		{C62D22C8-F454-46C3-AF27-7AEED3495DDD}.Debug|x64.ActiveCfg = Debug|Any CPU
		{C62D22C8-F454-46C3-AF27-7AEED3495DDD}.Debug|x64.Build.0 = Debug|Any CPU
		{C62D22C8-F454-46C3-AF27-7AEED3495DDD}.Debug|x86.ActiveCfg = Debug|Any CPU
		{C62D22C8-F454-46C3-AF27-7AEED3495DDD}.Debug|x86.Build.0 = Debug|Any CPU
		{C62D22C8-F454-46C3-AF27-7AEED3495DDD}.Release|Any CPU.ActiveCfg = Release|Any CPU
		{C62D22C8-F454-46C3-AF27-7AEED3495DDD}.Release|Any CPU.Build.0 = Release|Any CPU
		{C62D22C8-F454-46C3-AF27-7AEED3495DDD}.Release|x64.ActiveCfg = Release|Any CPU
		{C62D22C8-F454-46C3-AF27-7AEED3495DDD}.Release|x64.Build.0 = Release|Any CPU
		{C62D22C8-F454-46C3-AF27-7AEED3495DDD}.Release|x86.ActiveCfg = Release|Any CPU
		{C62D22C8-F454-46C3-AF27-7AEED3495DDD}.Release|x86.Build.0 = Release|Any CPU
		{88FFDDA7-8182-45F1-8DE5-997D80127551}.Debug|Any CPU.ActiveCfg = Debug|Any CPU
		{88FFDDA7-8182-45F1-8DE5-997D80127551}.Debug|Any CPU.Build.0 = Debug|Any CPU
		{88FFDDA7-8182-45F1-8DE5-997D80127551}.Debug|x64.ActiveCfg = Debug|Any CPU
		{88FFDDA7-8182-45F1-8DE5-997D80127551}.Debug|x64.Build.0 = Debug|Any CPU
		{88FFDDA7-8182-45F1-8DE5-997D80127551}.Debug|x86.ActiveCfg = Debug|Any CPU
		{88FFDDA7-8182-45F1-8DE5-997D80127551}.Debug|x86.Build.0 = Debug|Any CPU
		{88FFDDA7-8182-45F1-8DE5-997D80127551}.Release|Any CPU.ActiveCfg = Release|Any CPU
		{88FFDDA7-8182-45F1-8DE5-997D80127551}.Release|Any CPU.Build.0 = Release|Any CPU
		{88FFDDA7-8182-45F1-8DE5-997D80127551}.Release|x64.ActiveCfg = Release|Any CPU
		{88FFDDA7-8182-45F1-8DE5-997D80127551}.Release|x64.Build.0 = Release|Any CPU
		{88FFDDA7-8182-45F1-8DE5-997D80127551}.Release|x86.ActiveCfg = Release|Any CPU
		{88FFDDA7-8182-45F1-8DE5-997D80127551}.Release|x86.Build.0 = Release|Any CPU
		{A61395C0-2E8D-48DA-9558-1F56A09D5425}.Debug|Any CPU.ActiveCfg = Debug|Any CPU
		{A61395C0-2E8D-48DA-9558-1F56A09D5425}.Debug|Any CPU.Build.0 = Debug|Any CPU
		{A61395C0-2E8D-48DA-9558-1F56A09D5425}.Debug|x64.ActiveCfg = Debug|Any CPU
		{A61395C0-2E8D-48DA-9558-1F56A09D5425}.Debug|x64.Build.0 = Debug|Any CPU
		{A61395C0-2E8D-48DA-9558-1F56A09D5425}.Debug|x86.ActiveCfg = Debug|Any CPU
		{A61395C0-2E8D-48DA-9558-1F56A09D5425}.Debug|x86.Build.0 = Debug|Any CPU
		{A61395C0-2E8D-48DA-9558-1F56A09D5425}.Release|Any CPU.ActiveCfg = Release|Any CPU
		{A61395C0-2E8D-48DA-9558-1F56A09D5425}.Release|Any CPU.Build.0 = Release|Any CPU
		{A61395C0-2E8D-48DA-9558-1F56A09D5425}.Release|x64.ActiveCfg = Release|Any CPU
		{A61395C0-2E8D-48DA-9558-1F56A09D5425}.Release|x64.Build.0 = Release|Any CPU
		{A61395C0-2E8D-48DA-9558-1F56A09D5425}.Release|x86.ActiveCfg = Release|Any CPU
		{A61395C0-2E8D-48DA-9558-1F56A09D5425}.Release|x86.Build.0 = Release|Any CPU
		{41C112DB-56D7-492A-9C46-AB2611DDD0CE}.Debug|Any CPU.ActiveCfg = Debug|Any CPU
		{41C112DB-56D7-492A-9C46-AB2611DDD0CE}.Debug|Any CPU.Build.0 = Debug|Any CPU
		{41C112DB-56D7-492A-9C46-AB2611DDD0CE}.Debug|x64.ActiveCfg = Debug|Any CPU
		{41C112DB-56D7-492A-9C46-AB2611DDD0CE}.Debug|x64.Build.0 = Debug|Any CPU
		{41C112DB-56D7-492A-9C46-AB2611DDD0CE}.Debug|x86.ActiveCfg = Debug|Any CPU
		{41C112DB-56D7-492A-9C46-AB2611DDD0CE}.Debug|x86.Build.0 = Debug|Any CPU
		{41C112DB-56D7-492A-9C46-AB2611DDD0CE}.Release|Any CPU.ActiveCfg = Release|Any CPU
		{41C112DB-56D7-492A-9C46-AB2611DDD0CE}.Release|Any CPU.Build.0 = Release|Any CPU
		{41C112DB-56D7-492A-9C46-AB2611DDD0CE}.Release|x64.ActiveCfg = Release|Any CPU
		{41C112DB-56D7-492A-9C46-AB2611DDD0CE}.Release|x64.Build.0 = Release|Any CPU
		{41C112DB-56D7-492A-9C46-AB2611DDD0CE}.Release|x86.ActiveCfg = Release|Any CPU
		{41C112DB-56D7-492A-9C46-AB2611DDD0CE}.Release|x86.Build.0 = Release|Any CPU
		{E1BC4929-3DEB-4B21-B656-60815F75A79D}.Debug|Any CPU.ActiveCfg = Debug|Any CPU
		{E1BC4929-3DEB-4B21-B656-60815F75A79D}.Debug|Any CPU.Build.0 = Debug|Any CPU
		{E1BC4929-3DEB-4B21-B656-60815F75A79D}.Debug|x64.ActiveCfg = Debug|Any CPU
		{E1BC4929-3DEB-4B21-B656-60815F75A79D}.Debug|x64.Build.0 = Debug|Any CPU
		{E1BC4929-3DEB-4B21-B656-60815F75A79D}.Debug|x86.ActiveCfg = Debug|Any CPU
		{E1BC4929-3DEB-4B21-B656-60815F75A79D}.Debug|x86.Build.0 = Debug|Any CPU
		{E1BC4929-3DEB-4B21-B656-60815F75A79D}.Release|Any CPU.ActiveCfg = Release|Any CPU
		{E1BC4929-3DEB-4B21-B656-60815F75A79D}.Release|Any CPU.Build.0 = Release|Any CPU
		{E1BC4929-3DEB-4B21-B656-60815F75A79D}.Release|x64.ActiveCfg = Release|Any CPU
		{E1BC4929-3DEB-4B21-B656-60815F75A79D}.Release|x64.Build.0 = Release|Any CPU
		{E1BC4929-3DEB-4B21-B656-60815F75A79D}.Release|x86.ActiveCfg = Release|Any CPU
		{E1BC4929-3DEB-4B21-B656-60815F75A79D}.Release|x86.Build.0 = Release|Any CPU
		{AA8613CC-E16F-4815-9430-E0F731E86A31}.Debug|Any CPU.ActiveCfg = Debug|Any CPU
		{AA8613CC-E16F-4815-9430-E0F731E86A31}.Debug|Any CPU.Build.0 = Debug|Any CPU
		{AA8613CC-E16F-4815-9430-E0F731E86A31}.Debug|x64.ActiveCfg = Debug|Any CPU
		{AA8613CC-E16F-4815-9430-E0F731E86A31}.Debug|x64.Build.0 = Debug|Any CPU
		{AA8613CC-E16F-4815-9430-E0F731E86A31}.Debug|x86.ActiveCfg = Debug|Any CPU
		{AA8613CC-E16F-4815-9430-E0F731E86A31}.Debug|x86.Build.0 = Debug|Any CPU
		{AA8613CC-E16F-4815-9430-E0F731E86A31}.Release|Any CPU.ActiveCfg = Release|Any CPU
		{AA8613CC-E16F-4815-9430-E0F731E86A31}.Release|Any CPU.Build.0 = Release|Any CPU
		{AA8613CC-E16F-4815-9430-E0F731E86A31}.Release|x64.ActiveCfg = Release|Any CPU
		{AA8613CC-E16F-4815-9430-E0F731E86A31}.Release|x64.Build.0 = Release|Any CPU
		{AA8613CC-E16F-4815-9430-E0F731E86A31}.Release|x86.ActiveCfg = Release|Any CPU
		{AA8613CC-E16F-4815-9430-E0F731E86A31}.Release|x86.Build.0 = Release|Any CPU
		{3B65801B-519B-49D8-9AB5-ACE91B399346}.Debug|Any CPU.ActiveCfg = Debug|Any CPU
		{3B65801B-519B-49D8-9AB5-ACE91B399346}.Debug|Any CPU.Build.0 = Debug|Any CPU
		{3B65801B-519B-49D8-9AB5-ACE91B399346}.Debug|x64.ActiveCfg = Debug|Any CPU
		{3B65801B-519B-49D8-9AB5-ACE91B399346}.Debug|x64.Build.0 = Debug|Any CPU
		{3B65801B-519B-49D8-9AB5-ACE91B399346}.Debug|x86.ActiveCfg = Debug|Any CPU
		{3B65801B-519B-49D8-9AB5-ACE91B399346}.Debug|x86.Build.0 = Debug|Any CPU
		{3B65801B-519B-49D8-9AB5-ACE91B399346}.Release|Any CPU.ActiveCfg = Release|Any CPU
		{3B65801B-519B-49D8-9AB5-ACE91B399346}.Release|Any CPU.Build.0 = Release|Any CPU
		{3B65801B-519B-49D8-9AB5-ACE91B399346}.Release|x64.ActiveCfg = Release|Any CPU
		{3B65801B-519B-49D8-9AB5-ACE91B399346}.Release|x64.Build.0 = Release|Any CPU
		{3B65801B-519B-49D8-9AB5-ACE91B399346}.Release|x86.ActiveCfg = Release|Any CPU
		{3B65801B-519B-49D8-9AB5-ACE91B399346}.Release|x86.Build.0 = Release|Any CPU
		{197101CE-7899-41F6-AEB5-E9683FB4D3CC}.Debug|Any CPU.ActiveCfg = Debug|Any CPU
		{197101CE-7899-41F6-AEB5-E9683FB4D3CC}.Debug|Any CPU.Build.0 = Debug|Any CPU
		{197101CE-7899-41F6-AEB5-E9683FB4D3CC}.Debug|x64.ActiveCfg = Debug|Any CPU
		{197101CE-7899-41F6-AEB5-E9683FB4D3CC}.Debug|x64.Build.0 = Debug|Any CPU
		{197101CE-7899-41F6-AEB5-E9683FB4D3CC}.Debug|x86.ActiveCfg = Debug|Any CPU
		{197101CE-7899-41F6-AEB5-E9683FB4D3CC}.Debug|x86.Build.0 = Debug|Any CPU
		{197101CE-7899-41F6-AEB5-E9683FB4D3CC}.Release|Any CPU.ActiveCfg = Release|Any CPU
		{197101CE-7899-41F6-AEB5-E9683FB4D3CC}.Release|Any CPU.Build.0 = Release|Any CPU
		{197101CE-7899-41F6-AEB5-E9683FB4D3CC}.Release|x64.ActiveCfg = Release|Any CPU
		{197101CE-7899-41F6-AEB5-E9683FB4D3CC}.Release|x64.Build.0 = Release|Any CPU
		{197101CE-7899-41F6-AEB5-E9683FB4D3CC}.Release|x86.ActiveCfg = Release|Any CPU
		{197101CE-7899-41F6-AEB5-E9683FB4D3CC}.Release|x86.Build.0 = Release|Any CPU
		{4796E410-E0BC-4790-A572-6D973BE5E1E4}.Debug|Any CPU.ActiveCfg = Debug|Any CPU
		{4796E410-E0BC-4790-A572-6D973BE5E1E4}.Debug|Any CPU.Build.0 = Debug|Any CPU
		{4796E410-E0BC-4790-A572-6D973BE5E1E4}.Debug|x64.ActiveCfg = Debug|Any CPU
		{4796E410-E0BC-4790-A572-6D973BE5E1E4}.Debug|x64.Build.0 = Debug|Any CPU
		{4796E410-E0BC-4790-A572-6D973BE5E1E4}.Debug|x86.ActiveCfg = Debug|Any CPU
		{4796E410-E0BC-4790-A572-6D973BE5E1E4}.Debug|x86.Build.0 = Debug|Any CPU
		{4796E410-E0BC-4790-A572-6D973BE5E1E4}.Release|Any CPU.ActiveCfg = Release|Any CPU
		{4796E410-E0BC-4790-A572-6D973BE5E1E4}.Release|Any CPU.Build.0 = Release|Any CPU
		{4796E410-E0BC-4790-A572-6D973BE5E1E4}.Release|x64.ActiveCfg = Release|Any CPU
		{4796E410-E0BC-4790-A572-6D973BE5E1E4}.Release|x64.Build.0 = Release|Any CPU
		{4796E410-E0BC-4790-A572-6D973BE5E1E4}.Release|x86.ActiveCfg = Release|Any CPU
		{4796E410-E0BC-4790-A572-6D973BE5E1E4}.Release|x86.Build.0 = Release|Any CPU
		{66B8FAAC-80B9-4416-96B3-ACE9F82332D2}.Debug|Any CPU.ActiveCfg = Debug|Any CPU
		{66B8FAAC-80B9-4416-96B3-ACE9F82332D2}.Debug|Any CPU.Build.0 = Debug|Any CPU
		{66B8FAAC-80B9-4416-96B3-ACE9F82332D2}.Debug|x64.ActiveCfg = Debug|Any CPU
		{66B8FAAC-80B9-4416-96B3-ACE9F82332D2}.Debug|x64.Build.0 = Debug|Any CPU
		{66B8FAAC-80B9-4416-96B3-ACE9F82332D2}.Debug|x86.ActiveCfg = Debug|Any CPU
		{66B8FAAC-80B9-4416-96B3-ACE9F82332D2}.Debug|x86.Build.0 = Debug|Any CPU
		{66B8FAAC-80B9-4416-96B3-ACE9F82332D2}.Release|Any CPU.ActiveCfg = Release|Any CPU
		{66B8FAAC-80B9-4416-96B3-ACE9F82332D2}.Release|Any CPU.Build.0 = Release|Any CPU
		{66B8FAAC-80B9-4416-96B3-ACE9F82332D2}.Release|x64.ActiveCfg = Release|Any CPU
		{66B8FAAC-80B9-4416-96B3-ACE9F82332D2}.Release|x64.Build.0 = Release|Any CPU
		{66B8FAAC-80B9-4416-96B3-ACE9F82332D2}.Release|x86.ActiveCfg = Release|Any CPU
		{66B8FAAC-80B9-4416-96B3-ACE9F82332D2}.Release|x86.Build.0 = Release|Any CPU
		{7927AE8C-9956-4D96-95EF-0B140A3C1184}.Debug|Any CPU.ActiveCfg = Debug|Any CPU
		{7927AE8C-9956-4D96-95EF-0B140A3C1184}.Debug|Any CPU.Build.0 = Debug|Any CPU
		{7927AE8C-9956-4D96-95EF-0B140A3C1184}.Debug|x64.ActiveCfg = Debug|Any CPU
		{7927AE8C-9956-4D96-95EF-0B140A3C1184}.Debug|x64.Build.0 = Debug|Any CPU
		{7927AE8C-9956-4D96-95EF-0B140A3C1184}.Debug|x86.ActiveCfg = Debug|Any CPU
		{7927AE8C-9956-4D96-95EF-0B140A3C1184}.Debug|x86.Build.0 = Debug|Any CPU
		{7927AE8C-9956-4D96-95EF-0B140A3C1184}.Release|Any CPU.ActiveCfg = Release|Any CPU
		{7927AE8C-9956-4D96-95EF-0B140A3C1184}.Release|Any CPU.Build.0 = Release|Any CPU
		{7927AE8C-9956-4D96-95EF-0B140A3C1184}.Release|x64.ActiveCfg = Release|Any CPU
		{7927AE8C-9956-4D96-95EF-0B140A3C1184}.Release|x64.Build.0 = Release|Any CPU
		{7927AE8C-9956-4D96-95EF-0B140A3C1184}.Release|x86.ActiveCfg = Release|Any CPU
		{7927AE8C-9956-4D96-95EF-0B140A3C1184}.Release|x86.Build.0 = Release|Any CPU
	EndGlobalSection
	GlobalSection(SolutionProperties) = preSolution
		HideSolutionNode = FALSE
	EndGlobalSection
	GlobalSection(NestedProjects) = preSolution
		{D58B9B46-12EB-4BE0-B31A-B7DBAAFAC5A8} = {916B61B3-312D-841D-1457-818AC0DB32BA}
		{3D6BA00F-C45F-4B53-B523-41C92530DBAF} = {916B61B3-312D-841D-1457-818AC0DB32BA}
		{C62D22C8-F454-46C3-AF27-7AEED3495DDD} = {916B61B3-312D-841D-1457-818AC0DB32BA}
		{2EDD313B-46D3-449F-CD50-2C10F9BCE82C} = {CA253913-39DE-BFD0-C9A3-4B7EC6FBDF17}
		{88FFDDA7-8182-45F1-8DE5-997D80127551} = {2EDD313B-46D3-449F-CD50-2C10F9BCE82C}
		{A61395C0-2E8D-48DA-9558-1F56A09D5425} = {2EDD313B-46D3-449F-CD50-2C10F9BCE82C}
		{41C112DB-56D7-492A-9C46-AB2611DDD0CE} = {2EDD313B-46D3-449F-CD50-2C10F9BCE82C}
		{15B3060F-02C4-FA31-9C07-9E569DAC4B87} = {CA253913-39DE-BFD0-C9A3-4B7EC6FBDF17}
		{E1BC4929-3DEB-4B21-B656-60815F75A79D} = {15B3060F-02C4-FA31-9C07-9E569DAC4B87}
		{AA8613CC-E16F-4815-9430-E0F731E86A31} = {15B3060F-02C4-FA31-9C07-9E569DAC4B87}
		{3B65801B-519B-49D8-9AB5-ACE91B399346} = {15B3060F-02C4-FA31-9C07-9E569DAC4B87}
		{76BA2836-3C14-0F03-9B8B-A3E045F97CDA} = {CA253913-39DE-BFD0-C9A3-4B7EC6FBDF17}
		{197101CE-7899-41F6-AEB5-E9683FB4D3CC} = {76BA2836-3C14-0F03-9B8B-A3E045F97CDA}
		{4796E410-E0BC-4790-A572-6D973BE5E1E4} = {76BA2836-3C14-0F03-9B8B-A3E045F97CDA}
		{66B8FAAC-80B9-4416-96B3-ACE9F82332D2} = {76BA2836-3C14-0F03-9B8B-A3E045F97CDA}
		{7927AE8C-9956-4D96-95EF-0B140A3C1184} = {0AB3BF05-4346-4AA6-1389-037BE0695223}
	EndGlobalSection
EndGlobal
